
Microsoft Visual Studio Solution File, Format Version 12.00
# Visual Studio 15
VisualStudioVersion = 15.0.27130.2020
MinimumVisualStudioVersion = 10.0.40219.1
Project("{9A19103F-16F7-4668-BE54-9A1E7A4F7556}") = "Xamarin.FormsTestRunner", "Xamarin.FormsTestRunner.csproj", "{7345B34A-C55A-4827-B3F5-945625AF549E}"
EndProject
Global
	GlobalSection(SharedMSBuildProjectFiles) = preSolution
		Xamarin.FormsTestRunner.projitems*{7345b34a-c55a-4827-b3f5-945625af549e}*SharedItemsImports = 4
	EndGlobalSection
	GlobalSection(SolutionConfigurationPlatforms) = preSolution
		Debug|x86 = Debug|x86
	EndGlobalSection
	GlobalSection(ProjectConfigurationPlatforms) = postSolution
		{7345B34A-C55A-4827-B3F5-945625AF549E}.Debug|x86.ActiveCfg = Debug|Any CPU
		{7345B34A-C55A-4827-B3F5-945625AF549E}.Debug|x86.Build.0 = Debug|Any CPU
	EndGlobalSection
	GlobalSection(SolutionProperties) = preSolution
		HideSolutionNode = FALSE
	EndGlobalSection
	GlobalSection(ExtensibilityGlobals) = postSolution
		SolutionGuid = {C8121427-9D2A-4ADF-85E8-D9CAAA37A1AE}
	EndGlobalSection
EndGlobal
