
Microsoft Visual Studio Solution File, Format Version 12.00
# Visual Studio 15
VisualStudioVersion = 15.0.27130.2020
MinimumVisualStudioVersion = 10.0.40219.1
Project("{9A19103F-16F7-4668-BE54-9A1E7A4F7556}") = "PlatformAgileFrameworkBasicxUnitStandard1.6", "..\..\OptionalLibraries\BasicxUnit\PlatformAgileFrameworkBasicxUnitStandard1.6.csproj", "{5D3DDAE3-3EB7-4F2F-8450-89BC16A28027}"
EndProject
Project("{9A19103F-16F7-4668-BE54-9A1E7A4F7556}") = "PAF.CoreNetStandard.Tests", "..\..\PAFNWSTests\PAF.CoreNetStandard.Tests.csproj", "{7BC5E1BE-D9F0-4B71-880E-52B254889479}"
EndProject
Project("{FAE04EC0-301F-11D3-BF4B-00C04F79EFBC}") = "PAF.ECMA.Mac", "..\PAF.ECMA\PAF.ECMA.Mac.csproj", "{BAF45015-264E-4444-8403-DD9A6D806D7A}"
EndProject
Project("{FAE04EC0-301F-11D3-BF4B-00C04F79EFBC}") = "ECMAMacTestRunnerConsoleApp", "ECMAMacTestRunnerConsoleApp\ECMAMacTestRunnerConsoleApp.csproj", "{CD5A5BA5-DFAC-4284-8C90-6222C3A69EBD}"
EndProject
Project("{9A19103F-16F7-4668-BE54-9A1E7A4F7556}") = "PAFCoreContractsStandardLibrary", "..\..\PlatformAgileFrameworkCore\PlatformAgileFrameworkCoreContractsStandard\PAFCoreContractsStandardLibrary.csproj", "{725E4E4B-4E9D-406B-95FD-DA40618CA18C}"
EndProject
Project("{9A19103F-16F7-4668-BE54-9A1E7A4F7556}") = "PAFCoreStandardLibrary", "..\..\PlatformAgileFrameworkCore\PlatformAgileFrameworkCoreStandard\PAFCoreStandardLibrary.csproj", "{2ED6C237-89D8-4E28-AE1C-E8B43EDAF098}"
EndProject
Project("{FAE04EC0-301F-11D3-BF4B-00C04F79EFBC}") = "ECMATestRunner", "ECMATestRunner.csproj", "{3349B616-B431-4EF9-B704-070BB2ADD2BA}"
EndProject
Global
	GlobalSection(SolutionConfigurationPlatforms) = preSolution
		Debug|Any CPU = Debug|Any CPU
		Release|Any CPU = Release|Any CPU
	EndGlobalSection
	GlobalSection(ProjectConfigurationPlatforms) = postSolution
		{5D3DDAE3-3EB7-4F2F-8450-89BC16A28027}.Debug|Any CPU.ActiveCfg = Debug|Any CPU
		{5D3DDAE3-3EB7-4F2F-8450-89BC16A28027}.Debug|Any CPU.Build.0 = Debug|Any CPU
		{5D3DDAE3-3EB7-4F2F-8450-89BC16A28027}.Release|Any CPU.ActiveCfg = Release|Any CPU
		{5D3DDAE3-3EB7-4F2F-8450-89BC16A28027}.Release|Any CPU.Build.0 = Release|Any CPU
		{7BC5E1BE-D9F0-4B71-880E-52B254889479}.Debug|Any CPU.ActiveCfg = Debug|Any CPU
		{7BC5E1BE-D9F0-4B71-880E-52B254889479}.Debug|Any CPU.Build.0 = Debug|Any CPU
		{7BC5E1BE-D9F0-4B71-880E-52B254889479}.Release|Any CPU.ActiveCfg = Release|Any CPU
		{7BC5E1BE-D9F0-4B71-880E-52B254889479}.Release|Any CPU.Build.0 = Release|Any CPU
		{BAF45015-264E-4444-8403-DD9A6D806D7A}.Debug|Any CPU.ActiveCfg = Debug|Any CPU
		{BAF45015-264E-4444-8403-DD9A6D806D7A}.Debug|Any CPU.Build.0 = Debug|Any CPU
		{BAF45015-264E-4444-8403-DD9A6D806D7A}.Release|Any CPU.ActiveCfg = Release|Any CPU
		{BAF45015-264E-4444-8403-DD9A6D806D7A}.Release|Any CPU.Build.0 = Release|Any CPU
		{CD5A5BA5-DFAC-4284-8C90-6222C3A69EBD}.Debug|Any CPU.ActiveCfg = Debug|Any CPU
		{CD5A5BA5-DFAC-4284-8C90-6222C3A69EBD}.Debug|Any CPU.Build.0 = Debug|Any CPU
		{CD5A5BA5-DFAC-4284-8C90-6222C3A69EBD}.Release|Any CPU.ActiveCfg = Release|Any CPU
		{CD5A5BA5-DFAC-4284-8C90-6222C3A69EBD}.Release|Any CPU.Build.0 = Release|Any CPU
		{725E4E4B-4E9D-406B-95FD-DA40618CA18C}.Debug|Any CPU.ActiveCfg = Debug|Any CPU
		{725E4E4B-4E9D-406B-95FD-DA40618CA18C}.Debug|Any CPU.Build.0 = Debug|Any CPU
		{725E4E4B-4E9D-406B-95FD-DA40618CA18C}.Release|Any CPU.ActiveCfg = Release|Any CPU
		{725E4E4B-4E9D-406B-95FD-DA40618CA18C}.Release|Any CPU.Build.0 = Release|Any CPU
		{2ED6C237-89D8-4E28-AE1C-E8B43EDAF098}.Debug|Any CPU.ActiveCfg = Debug|Any CPU
		{2ED6C237-89D8-4E28-AE1C-E8B43EDAF098}.Debug|Any CPU.Build.0 = Debug|Any CPU
		{2ED6C237-89D8-4E28-AE1C-E8B43EDAF098}.Release|Any CPU.ActiveCfg = Release|Any CPU
		{2ED6C237-89D8-4E28-AE1C-E8B43EDAF098}.Release|Any CPU.Build.0 = Release|Any CPU
		{3349B616-B431-4EF9-B704-070BB2ADD2BA}.Debug|Any CPU.ActiveCfg = Debug|Any CPU
		{3349B616-B431-4EF9-B704-070BB2ADD2BA}.Debug|Any CPU.Build.0 = Debug|Any CPU
		{3349B616-B431-4EF9-B704-070BB2ADD2BA}.Release|Any CPU.ActiveCfg = Release|Any CPU
		{3349B616-B431-4EF9-B704-070BB2ADD2BA}.Release|Any CPU.Build.0 = Release|Any CPU
	EndGlobalSection
	GlobalSection(SolutionProperties) = preSolution
		HideSolutionNode = FALSE
	EndGlobalSection
	GlobalSection(ExtensibilityGlobals) = postSolution
		SolutionGuid = {C63DAEE9-7CFF-43F6-A4F3-A567D63C226C}
	EndGlobalSection
EndGlobal
